PODS:
  - Flutter (1.0.0)
  - integration_test (0.0.1):
    - Flutter
  - sendbird_notification_handler (0.0.1):
    - Flutter

DEPENDENCIES:
  - Flutter (from `Flutter`)
  - integration_test (from `.symlinks/plugins/integration_test/ios`)
  - sendbird_notification_handler (from `.symlinks/plugins/sendbird_notification_handler/ios`)

EXTERNAL SOURCES:
  Flutter:
    :path: Flutter
  integration_test:
    :path: ".symlinks/plugins/integration_test/ios"
  sendbird_notification_handler:
    :path: ".symlinks/plugins/sendbird_notification_handler/ios"

SPEC CHECKSUMS:
  Flutter: f04841e97a9d0b0a8025694d0796dd46242b2854
  integration_test: 13825b8a9334a850581300559b8839134b124670
  sendbird_notification_handler: 0a033f382ed20898d1ba734b15fac19d0fd50fc2

PODFILE CHECKSUM: 70d9d25280d0dd177a5f637cdb0f0b0b12c6a189

COCOAPODS: 1.12.1
